
Microsoft Visual Studio Solution File, Format Version 12.00
# Visual Studio 15
VisualStudioVersion = 15.0.27130.2010
MinimumVisualStudioVersion = 10.0.40219.1
Project("{FAE04EC0-301F-11D3-BF4B-00C04F79EFBC}") = "Nteir.DatabaseLogicLayer", "Nteir.DatabaseLogicLayer\Nteir.DatabaseLogicLayer.csproj", "{081C6CF9-DD70-49DE-A6D8-7E8E0647B8B1}"
EndProject
Project("{FAE04EC0-301F-11D3-BF4B-00C04F79EFBC}") = "Nteir.BusinessLogicLayer", "Nteir.BusinessLogicLayer\Nteir.BusinessLogicLayer.csproj", "{B530D5CE-03B1-486A-AEAD-B736966BD4F5}"
EndProject
Project("{FAE04EC0-301F-11D3-BF4B-00C04F79EFBC}") = "Nteir.Entities", "Nteir.Entities\Nteir.Entities.csproj", "{F2946E08-A929-4E37-B563-3005902C65EB}"
EndProject
Project("{FAE04EC0-301F-11D3-BF4B-00C04F79EFBC}") = "Nteir.TelefonRehberi", "Nteir.TelefonRehberi\Nteir.TelefonRehberi.csproj", "{7358E6E4-F6A2-47F8-A8A9-47BDCAB69148}"
EndProject
Global
	GlobalSection(SolutionConfigurationPlatforms) = preSolution
		Debug|Any CPU = Debug|Any CPU
		Release|Any CPU = Release|Any CPU
	EndGlobalSection
	GlobalSection(ProjectConfigurationPlatforms) = postSolution
		{081C6CF9-DD70-49DE-A6D8-7E8E0647B8B1}.Debug|Any CPU.ActiveCfg = Debug|Any CPU
		{081C6CF9-DD70-49DE-A6D8-7E8E0647B8B1}.Debug|Any CPU.Build.0 = Debug|Any CPU
		{081C6CF9-DD70-49DE-A6D8-7E8E0647B8B1}.Release|Any CPU.ActiveCfg = Release|Any CPU
		{081C6CF9-DD70-49DE-A6D8-7E8E0647B8B1}.Release|Any CPU.Build.0 = Release|Any CPU
		{B530D5CE-03B1-486A-AEAD-B736966BD4F5}.Debug|Any CPU.ActiveCfg = Debug|Any CPU
		{B530D5CE-03B1-486A-AEAD-B736966BD4F5}.Debug|Any CPU.Build.0 = Debug|Any CPU
		{B530D5CE-03B1-486A-AEAD-B736966BD4F5}.Release|Any CPU.ActiveCfg = Release|Any CPU
		{B530D5CE-03B1-486A-AEAD-B736966BD4F5}.Release|Any CPU.Build.0 = Release|Any CPU
		{F2946E08-A929-4E37-B563-3005902C65EB}.Debug|Any CPU.ActiveCfg = Debug|Any CPU
		{F2946E08-A929-4E37-B563-3005902C65EB}.Debug|Any CPU.Build.0 = Debug|Any CPU
		{F2946E08-A929-4E37-B563-3005902C65EB}.Release|Any CPU.ActiveCfg = Release|Any CPU
		{F2946E08-A929-4E37-B563-3005902C65EB}.Release|Any CPU.Build.0 = Release|Any CPU
		{7358E6E4-F6A2-47F8-A8A9-47BDCAB69148}.Debug|Any CPU.ActiveCfg = Debug|Any CPU
		{7358E6E4-F6A2-47F8-A8A9-47BDCAB69148}.Debug|Any CPU.Build.0 = Debug|Any CPU
		{7358E6E4-F6A2-47F8-A8A9-47BDCAB69148}.Release|Any CPU.ActiveCfg = Release|Any CPU
		{7358E6E4-F6A2-47F8-A8A9-47BDCAB69148}.Release|Any CPU.Build.0 = Release|Any CPU
	EndGlobalSection
	GlobalSection(SolutionProperties) = preSolution
		HideSolutionNode = FALSE
	EndGlobalSection
	GlobalSection(ExtensibilityGlobals) = postSolution
		SolutionGuid = {8F52E6A0-F54A-491B-AD27-1A8193D1CF1D}
	EndGlobalSection
EndGlobal
